
Microsoft Visual Studio Solution File, Format Version 12.00
# Visual Studio Version 17
VisualStudioVersion = 17.9.34607.119
MinimumVisualStudioVersion = 10.0.40219.1
Project("{FAE04EC0-301F-11D3-BF4B-00C04F79EFBC}") = "Abstract classes", "Abstract classes\Abstract classes.csproj", "{5CBE020B-EA10-4E52-B5EB-F39A6B5D0E5D}"
EndProject
Global
	GlobalSection(SolutionConfigurationPlatforms) = preSolution
		Debug|Any CPU = Debug|Any CPU
		Release|Any CPU = Release|Any CPU
	EndGlobalSection
	GlobalSection(ProjectConfigurationPlatforms) = postSolution
		{5CBE020B-EA10-4E52-B5EB-F39A6B5D0E5D}.Debug|Any CPU.ActiveCfg = Debug|Any CPU
		{5CBE020B-EA10-4E52-B5EB-F39A6B5D0E5D}.Debug|Any CPU.Build.0 = Debug|Any CPU
		{5CBE020B-EA10-4E52-B5EB-F39A6B5D0E5D}.Release|Any CPU.ActiveCfg = Release|Any CPU
		{5CBE020B-EA10-4E52-B5EB-F39A6B5D0E5D}.Release|Any CPU.Build.0 = Release|Any CPU
	EndGlobalSection
	GlobalSection(SolutionProperties) = preSolution
		HideSolutionNode = FALSE
	EndGlobalSection
	GlobalSection(ExtensibilityGlobals) = postSolution
		SolutionGuid = {63E54D45-1085-4451-BF98-A59B725D1ACC}
	EndGlobalSection
EndGlobal
